
Microsoft Visual Studio Solution File, Format Version 12.00
Project("{FAE04EC0-301F-11D3-BF4B-00C04F79EFBC}") = "WalletAppBackend.API", "WalletAppBackend.API\WalletAppBackend.API.csproj", "{FDC1D147-17E4-42F4-B3FA-B156E5819C8E}"
EndProject
Global
	GlobalSection(SolutionConfigurationPlatforms) = preSolution
		Debug|Any CPU = Debug|Any CPU
		Release|Any CPU = Release|Any CPU
	EndGlobalSection
	GlobalSection(ProjectConfigurationPlatforms) = postSolution
		{FDC1D147-17E4-42F4-B3FA-B156E5819C8E}.Debug|Any CPU.ActiveCfg = Debug|Any CPU
		{FDC1D147-17E4-42F4-B3FA-B156E5819C8E}.Debug|Any CPU.Build.0 = Debug|Any CPU
		{FDC1D147-17E4-42F4-B3FA-B156E5819C8E}.Release|Any CPU.ActiveCfg = Release|Any CPU
		{FDC1D147-17E4-42F4-B3FA-B156E5819C8E}.Release|Any CPU.Build.0 = Release|Any CPU
	EndGlobalSection
EndGlobal
